
Microsoft Visual Studio Solution File, Format Version 12.00
# Visual Studio Version 17
VisualStudioVersion = 17.0.31903.59
MinimumVisualStudioVersion = 10.0.40219.1
Project("{2150E333-8FDC-42A3-9474-1A3956D46DE8}") = "src", "src", "{827E0CD3-B72D-47B6-A68D-7590B98EB39B}"
EndProject
Project("{FAE04EC0-301F-11D3-BF4B-00C04F79EFBC}") = "Elara.Domain", "src\Elara.Domain\Elara.Domain.csproj", "{AE37076F-4A48-47EB-8BC6-2F981948C587}"
EndProject
Project("{FAE04EC0-301F-11D3-BF4B-00C04F79EFBC}") = "Elara.Application", "src\Elara.Application\Elara.Application.csproj", "{86E5355B-B753-4275-B798-8BC261EC43A6}"
EndProject
Project("{FAE04EC0-301F-11D3-BF4B-00C04F79EFBC}") = "Elara.API", "src\Elara.API\Elara.API.csproj", "{CD9A42AC-396E-4B6B-83C9-DE955CB31292}"
EndProject
Project("{FAE04EC0-301F-11D3-BF4B-00C04F79EFBC}") = "Elara.Infrastructure", "src\Elara.Infrastructure\Elara.Infrastructure.csproj", "{6202B472-AA52-4EBC-A0D2-4E93BD1FDBBE}"
EndProject
Global
	GlobalSection(SolutionConfigurationPlatforms) = preSolution
		Debug|Any CPU = Debug|Any CPU
		Debug|x64 = Debug|x64
		Debug|x86 = Debug|x86
		Release|Any CPU = Release|Any CPU
		Release|x64 = Release|x64
		Release|x86 = Release|x86
	EndGlobalSection
	GlobalSection(ProjectConfigurationPlatforms) = postSolution
		{AE37076F-4A48-47EB-8BC6-2F981948C587}.Debug|Any CPU.ActiveCfg = Debug|Any CPU
		{AE37076F-4A48-47EB-8BC6-2F981948C587}.Debug|Any CPU.Build.0 = Debug|Any CPU
		{AE37076F-4A48-47EB-8BC6-2F981948C587}.Debug|x64.ActiveCfg = Debug|Any CPU
		{AE37076F-4A48-47EB-8BC6-2F981948C587}.Debug|x64.Build.0 = Debug|Any CPU
		{AE37076F-4A48-47EB-8BC6-2F981948C587}.Debug|x86.ActiveCfg = Debug|Any CPU
		{AE37076F-4A48-47EB-8BC6-2F981948C587}.Debug|x86.Build.0 = Debug|Any CPU
		{AE37076F-4A48-47EB-8BC6-2F981948C587}.Release|Any CPU.ActiveCfg = Release|Any CPU
		{AE37076F-4A48-47EB-8BC6-2F981948C587}.Release|Any CPU.Build.0 = Release|Any CPU
		{AE37076F-4A48-47EB-8BC6-2F981948C587}.Release|x64.ActiveCfg = Release|Any CPU
		{AE37076F-4A48-47EB-8BC6-2F981948C587}.Release|x64.Build.0 = Release|Any CPU
		{AE37076F-4A48-47EB-8BC6-2F981948C587}.Release|x86.ActiveCfg = Release|Any CPU
		{AE37076F-4A48-47EB-8BC6-2F981948C587}.Release|x86.Build.0 = Release|Any CPU
		{86E5355B-B753-4275-B798-8BC261EC43A6}.Debug|Any CPU.ActiveCfg = Debug|Any CPU
		{86E5355B-B753-4275-B798-8BC261EC43A6}.Debug|Any CPU.Build.0 = Debug|Any CPU
		{86E5355B-B753-4275-B798-8BC261EC43A6}.Debug|x64.ActiveCfg = Debug|Any CPU
		{86E5355B-B753-4275-B798-8BC261EC43A6}.Debug|x64.Build.0 = Debug|Any CPU
		{86E5355B-B753-4275-B798-8BC261EC43A6}.Debug|x86.ActiveCfg = Debug|Any CPU
		{86E5355B-B753-4275-B798-8BC261EC43A6}.Debug|x86.Build.0 = Debug|Any CPU
		{86E5355B-B753-4275-B798-8BC261EC43A6}.Release|Any CPU.ActiveCfg = Release|Any CPU
		{86E5355B-B753-4275-B798-8BC261EC43A6}.Release|Any CPU.Build.0 = Release|Any CPU
		{86E5355B-B753-4275-B798-8BC261EC43A6}.Release|x64.ActiveCfg = Release|Any CPU
		{86E5355B-B753-4275-B798-8BC261EC43A6}.Release|x64.Build.0 = Release|Any CPU
		{86E5355B-B753-4275-B798-8BC261EC43A6}.Release|x86.ActiveCfg = Release|Any CPU
		{86E5355B-B753-4275-B798-8BC261EC43A6}.Release|x86.Build.0 = Release|Any CPU
		{CD9A42AC-396E-4B6B-83C9-DE955CB31292}.Debug|Any CPU.ActiveCfg = Debug|Any CPU
		{CD9A42AC-396E-4B6B-83C9-DE955CB31292}.Debug|Any CPU.Build.0 = Debug|Any CPU
		{CD9A42AC-396E-4B6B-83C9-DE955CB31292}.Debug|x64.ActiveCfg = Debug|Any CPU
		{CD9A42AC-396E-4B6B-83C9-DE955CB31292}.Debug|x64.Build.0 = Debug|Any CPU
		{CD9A42AC-396E-4B6B-83C9-DE955CB31292}.Debug|x86.ActiveCfg = Debug|Any CPU
		{CD9A42AC-396E-4B6B-83C9-DE955CB31292}.Debug|x86.Build.0 = Debug|Any CPU
		{CD9A42AC-396E-4B6B-83C9-DE955CB31292}.Release|Any CPU.ActiveCfg = Release|Any CPU
		{CD9A42AC-396E-4B6B-83C9-DE955CB31292}.Release|Any CPU.Build.0 = Release|Any CPU
		{CD9A42AC-396E-4B6B-83C9-DE955CB31292}.Release|x64.ActiveCfg = Release|Any CPU
		{CD9A42AC-396E-4B6B-83C9-DE955CB31292}.Release|x64.Build.0 = Release|Any CPU
		{CD9A42AC-396E-4B6B-83C9-DE955CB31292}.Release|x86.ActiveCfg = Release|Any CPU
		{CD9A42AC-396E-4B6B-83C9-DE955CB31292}.Release|x86.Build.0 = Release|Any CPU
		{6202B472-AA52-4EBC-A0D2-4E93BD1FDBBE}.Debug|Any CPU.ActiveCfg = Debug|Any CPU
		{6202B472-AA52-4EBC-A0D2-4E93BD1FDBBE}.Debug|Any CPU.Build.0 = Debug|Any CPU
		{6202B472-AA52-4EBC-A0D2-4E93BD1FDBBE}.Debug|x64.ActiveCfg = Debug|Any CPU
		{6202B472-AA52-4EBC-A0D2-4E93BD1FDBBE}.Debug|x64.Build.0 = Debug|Any CPU
		{6202B472-AA52-4EBC-A0D2-4E93BD1FDBBE}.Debug|x86.ActiveCfg = Debug|Any CPU
		{6202B472-AA52-4EBC-A0D2-4E93BD1FDBBE}.Debug|x86.Build.0 = Debug|Any CPU
		{6202B472-AA52-4EBC-A0D2-4E93BD1FDBBE}.Release|Any CPU.ActiveCfg = Release|Any CPU
		{6202B472-AA52-4EBC-A0D2-4E93BD1FDBBE}.Release|Any CPU.Build.0 = Release|Any CPU
		{6202B472-AA52-4EBC-A0D2-4E93BD1FDBBE}.Release|x64.ActiveCfg = Release|Any CPU
		{6202B472-AA52-4EBC-A0D2-4E93BD1FDBBE}.Release|x64.Build.0 = Release|Any CPU
		{6202B472-AA52-4EBC-A0D2-4E93BD1FDBBE}.Release|x86.ActiveCfg = Release|Any CPU
		{6202B472-AA52-4EBC-A0D2-4E93BD1FDBBE}.Release|x86.Build.0 = Release|Any CPU
	EndGlobalSection
	GlobalSection(SolutionProperties) = preSolution
		HideSolutionNode = FALSE
	EndGlobalSection
	GlobalSection(NestedProjects) = preSolution
		{AE37076F-4A48-47EB-8BC6-2F981948C587} = {827E0CD3-B72D-47B6-A68D-7590B98EB39B}
		{86E5355B-B753-4275-B798-8BC261EC43A6} = {827E0CD3-B72D-47B6-A68D-7590B98EB39B}
		{CD9A42AC-396E-4B6B-83C9-DE955CB31292} = {827E0CD3-B72D-47B6-A68D-7590B98EB39B}
		{6202B472-AA52-4EBC-A0D2-4E93BD1FDBBE} = {827E0CD3-B72D-47B6-A68D-7590B98EB39B}
	EndGlobalSection
EndGlobal
